
Microsoft Visual Studio Solution File, Format Version 12.00
# Visual Studio Version 17
VisualStudioVersion = 17.6.33717.318
MinimumVisualStudioVersion = 10.0.40219.1
Project("{2150E333-8FDC-42A3-9474-1A3956D46DE8}") = "0 - PPT", "0 - PPT", "{D2AD949A-9DD0-49BB-BE81-35B442221544}"
	ProjectSection(SolutionItems) = preProject
		docs\Design patterns - eng.pptx = docs\Design patterns - eng.pptx
		docs\Design patterns.pptx = docs\Design patterns.pptx
	EndProjectSection
EndProject
Project("{2150E333-8FDC-42A3-9474-1A3956D46DE8}") = "1 - Creational", "1 - Creational", "{5D8B7CF5-4232-4FB1-8EF5-47D420F835FF}"
EndProject
Project("{2150E333-8FDC-42A3-9474-1A3956D46DE8}") = "2 - Structural", "2 - Structural", "{1CD3BE10-331E-4A01-B88B-F1389C2A1AD6}"
EndProject
Project("{2150E333-8FDC-42A3-9474-1A3956D46DE8}") = "3 - Behavioral", "3 - Behavioral", "{F1E52B38-80B8-4182-8178-67B022C4E3AE}"
EndProject
Project("{9A19103F-16F7-4668-BE54-9A1E7A4F7556}") = "AbstractFactory", "AbstractFactory\AbstractFactory.csproj", "{ADAA8BE0-E29F-463F-8C65-C9A2BD566C02}"
EndProject
Project("{9A19103F-16F7-4668-BE54-9A1E7A4F7556}") = "Builder", "Builder\Builder.csproj", "{84C0EF9B-4DA3-417E-8FBA-18FE997A9397}"
EndProject
Project("{9A19103F-16F7-4668-BE54-9A1E7A4F7556}") = "FactoryMethod", "FactoryMethod\FactoryMethod.csproj", "{2EEC86DC-9264-43CC-8FC5-92E07B4AF5A6}"
EndProject
Project("{9A19103F-16F7-4668-BE54-9A1E7A4F7556}") = "LazyInitialization", "LazyInitialization\LazyInitialization.csproj", "{BE93CFB2-A942-4B72-BEEE-73F9333C807A}"
EndProject
Project("{9A19103F-16F7-4668-BE54-9A1E7A4F7556}") = "ObjectPool", "ObjectPool\ObjectPool.csproj", "{4457CAA3-66AB-4127-BFB8-6ECCA07F8EF6}"
EndProject
Project("{9A19103F-16F7-4668-BE54-9A1E7A4F7556}") = "Prototype", "Prototype\Prototype.csproj", "{EAB26697-FE53-4A7F-A08C-B759A4569DDE}"
EndProject
Project("{9A19103F-16F7-4668-BE54-9A1E7A4F7556}") = "Singleton", "Singleton\Singleton.csproj", "{2B67CBA6-4051-4A17-93AF-69BFFFD05C2C}"
EndProject
Project("{9A19103F-16F7-4668-BE54-9A1E7A4F7556}") = "Adapter", "Adapter\Adapter.csproj", "{205BBDFA-A500-4683-BBBC-5B1B1A58B8FE}"
EndProject
Project("{9A19103F-16F7-4668-BE54-9A1E7A4F7556}") = "Bridge", "Bridge\Bridge.csproj", "{B3517F7E-9624-401F-A513-4D4DDC791867}"
EndProject
Project("{9A19103F-16F7-4668-BE54-9A1E7A4F7556}") = "Composite", "Composite\Composite.csproj", "{DF962202-18E5-4F31-82BC-71B42D4C79D3}"
EndProject
Project("{9A19103F-16F7-4668-BE54-9A1E7A4F7556}") = "Decorator", "Decorator\Decorator.csproj", "{4DF6C861-F175-4B7D-8B0F-4943AB0EADAC}"
EndProject
Project("{9A19103F-16F7-4668-BE54-9A1E7A4F7556}") = "Command", "Command\Command.csproj", "{C2F84075-1A51-4C1C-B7EC-75334AEB6A4F}"
EndProject
Project("{9A19103F-16F7-4668-BE54-9A1E7A4F7556}") = "Interpreter", "Interpreter\Interpreter.csproj", "{5B07A061-3713-4CB0-9A2D-EB65D25C46C8}"
EndProject
Project("{9A19103F-16F7-4668-BE54-9A1E7A4F7556}") = "Observer", "Observer\Observer.csproj", "{98B7ECD6-AE31-448A-9403-3406E4658751}"
EndProject
Project("{9A19103F-16F7-4668-BE54-9A1E7A4F7556}") = "TemplateMethod", "TemplateMethod\TemplateMethod.csproj", "{ADDAF085-C63F-4C27-8934-FF06B556BC94}"
EndProject
Project("{9A19103F-16F7-4668-BE54-9A1E7A4F7556}") = "Visitor", "Visitor\Visitor.csproj", "{C09DDE7C-0969-4D6C-B3A9-6C68E9CEBF79}"
EndProject
Project("{FAE04EC0-301F-11D3-BF4B-00C04F79EFBC}") = "State", "State\State.csproj", "{83A1E750-740D-44C2-BCBF-6718E3368359}"
EndProject
Global
	GlobalSection(SolutionConfigurationPlatforms) = preSolution
		Debug|Any CPU = Debug|Any CPU
		Release|Any CPU = Release|Any CPU
	EndGlobalSection
	GlobalSection(ProjectConfigurationPlatforms) = postSolution
		{ADAA8BE0-E29F-463F-8C65-C9A2BD566C02}.Debug|Any CPU.ActiveCfg = Debug|Any CPU
		{ADAA8BE0-E29F-463F-8C65-C9A2BD566C02}.Debug|Any CPU.Build.0 = Debug|Any CPU
		{ADAA8BE0-E29F-463F-8C65-C9A2BD566C02}.Release|Any CPU.ActiveCfg = Release|Any CPU
		{ADAA8BE0-E29F-463F-8C65-C9A2BD566C02}.Release|Any CPU.Build.0 = Release|Any CPU
		{84C0EF9B-4DA3-417E-8FBA-18FE997A9397}.Debug|Any CPU.ActiveCfg = Debug|Any CPU
		{84C0EF9B-4DA3-417E-8FBA-18FE997A9397}.Debug|Any CPU.Build.0 = Debug|Any CPU
		{84C0EF9B-4DA3-417E-8FBA-18FE997A9397}.Release|Any CPU.ActiveCfg = Release|Any CPU
		{84C0EF9B-4DA3-417E-8FBA-18FE997A9397}.Release|Any CPU.Build.0 = Release|Any CPU
		{2EEC86DC-9264-43CC-8FC5-92E07B4AF5A6}.Debug|Any CPU.ActiveCfg = Debug|Any CPU
		{2EEC86DC-9264-43CC-8FC5-92E07B4AF5A6}.Debug|Any CPU.Build.0 = Debug|Any CPU
		{2EEC86DC-9264-43CC-8FC5-92E07B4AF5A6}.Release|Any CPU.ActiveCfg = Release|Any CPU
		{2EEC86DC-9264-43CC-8FC5-92E07B4AF5A6}.Release|Any CPU.Build.0 = Release|Any CPU
		{BE93CFB2-A942-4B72-BEEE-73F9333C807A}.Debug|Any CPU.ActiveCfg = Debug|Any CPU
		{BE93CFB2-A942-4B72-BEEE-73F9333C807A}.Debug|Any CPU.Build.0 = Debug|Any CPU
		{BE93CFB2-A942-4B72-BEEE-73F9333C807A}.Release|Any CPU.ActiveCfg = Release|Any CPU
		{BE93CFB2-A942-4B72-BEEE-73F9333C807A}.Release|Any CPU.Build.0 = Release|Any CPU
		{4457CAA3-66AB-4127-BFB8-6ECCA07F8EF6}.Debug|Any CPU.ActiveCfg = Debug|Any CPU
		{4457CAA3-66AB-4127-BFB8-6ECCA07F8EF6}.Debug|Any CPU.Build.0 = Debug|Any CPU
		{4457CAA3-66AB-4127-BFB8-6ECCA07F8EF6}.Release|Any CPU.ActiveCfg = Release|Any CPU
		{4457CAA3-66AB-4127-BFB8-6ECCA07F8EF6}.Release|Any CPU.Build.0 = Release|Any CPU
		{EAB26697-FE53-4A7F-A08C-B759A4569DDE}.Debug|Any CPU.ActiveCfg = Debug|Any CPU
		{EAB26697-FE53-4A7F-A08C-B759A4569DDE}.Debug|Any CPU.Build.0 = Debug|Any CPU
		{EAB26697-FE53-4A7F-A08C-B759A4569DDE}.Release|Any CPU.ActiveCfg = Release|Any CPU
		{EAB26697-FE53-4A7F-A08C-B759A4569DDE}.Release|Any CPU.Build.0 = Release|Any CPU
		{2B67CBA6-4051-4A17-93AF-69BFFFD05C2C}.Debug|Any CPU.ActiveCfg = Debug|Any CPU
		{2B67CBA6-4051-4A17-93AF-69BFFFD05C2C}.Debug|Any CPU.Build.0 = Debug|Any CPU
		{2B67CBA6-4051-4A17-93AF-69BFFFD05C2C}.Release|Any CPU.ActiveCfg = Release|Any CPU
		{2B67CBA6-4051-4A17-93AF-69BFFFD05C2C}.Release|Any CPU.Build.0 = Release|Any CPU
		{205BBDFA-A500-4683-BBBC-5B1B1A58B8FE}.Debug|Any CPU.ActiveCfg = Debug|Any CPU
		{205BBDFA-A500-4683-BBBC-5B1B1A58B8FE}.Debug|Any CPU.Build.0 = Debug|Any CPU
		{205BBDFA-A500-4683-BBBC-5B1B1A58B8FE}.Release|Any CPU.ActiveCfg = Release|Any CPU
		{205BBDFA-A500-4683-BBBC-5B1B1A58B8FE}.Release|Any CPU.Build.0 = Release|Any CPU
		{B3517F7E-9624-401F-A513-4D4DDC791867}.Debug|Any CPU.ActiveCfg = Debug|Any CPU
		{B3517F7E-9624-401F-A513-4D4DDC791867}.Debug|Any CPU.Build.0 = Debug|Any CPU
		{B3517F7E-9624-401F-A513-4D4DDC791867}.Release|Any CPU.ActiveCfg = Release|Any CPU
		{B3517F7E-9624-401F-A513-4D4DDC791867}.Release|Any CPU.Build.0 = Release|Any CPU
		{DF962202-18E5-4F31-82BC-71B42D4C79D3}.Debug|Any CPU.ActiveCfg = Debug|Any CPU
		{DF962202-18E5-4F31-82BC-71B42D4C79D3}.Debug|Any CPU.Build.0 = Debug|Any CPU
		{DF962202-18E5-4F31-82BC-71B42D4C79D3}.Release|Any CPU.ActiveCfg = Release|Any CPU
		{DF962202-18E5-4F31-82BC-71B42D4C79D3}.Release|Any CPU.Build.0 = Release|Any CPU
		{4DF6C861-F175-4B7D-8B0F-4943AB0EADAC}.Debug|Any CPU.ActiveCfg = Debug|Any CPU
		{4DF6C861-F175-4B7D-8B0F-4943AB0EADAC}.Debug|Any CPU.Build.0 = Debug|Any CPU
		{4DF6C861-F175-4B7D-8B0F-4943AB0EADAC}.Release|Any CPU.ActiveCfg = Release|Any CPU
		{4DF6C861-F175-4B7D-8B0F-4943AB0EADAC}.Release|Any CPU.Build.0 = Release|Any CPU
		{C2F84075-1A51-4C1C-B7EC-75334AEB6A4F}.Debug|Any CPU.ActiveCfg = Debug|Any CPU
		{C2F84075-1A51-4C1C-B7EC-75334AEB6A4F}.Debug|Any CPU.Build.0 = Debug|Any CPU
		{C2F84075-1A51-4C1C-B7EC-75334AEB6A4F}.Release|Any CPU.ActiveCfg = Release|Any CPU
		{C2F84075-1A51-4C1C-B7EC-75334AEB6A4F}.Release|Any CPU.Build.0 = Release|Any CPU
		{5B07A061-3713-4CB0-9A2D-EB65D25C46C8}.Debug|Any CPU.ActiveCfg = Debug|Any CPU
		{5B07A061-3713-4CB0-9A2D-EB65D25C46C8}.Debug|Any CPU.Build.0 = Debug|Any CPU
		{5B07A061-3713-4CB0-9A2D-EB65D25C46C8}.Release|Any CPU.ActiveCfg = Release|Any CPU
		{5B07A061-3713-4CB0-9A2D-EB65D25C46C8}.Release|Any CPU.Build.0 = Release|Any CPU
		{98B7ECD6-AE31-448A-9403-3406E4658751}.Debug|Any CPU.ActiveCfg = Debug|Any CPU
		{98B7ECD6-AE31-448A-9403-3406E4658751}.Debug|Any CPU.Build.0 = Debug|Any CPU
		{98B7ECD6-AE31-448A-9403-3406E4658751}.Release|Any CPU.ActiveCfg = Release|Any CPU
		{98B7ECD6-AE31-448A-9403-3406E4658751}.Release|Any CPU.Build.0 = Release|Any CPU
		{ADDAF085-C63F-4C27-8934-FF06B556BC94}.Debug|Any CPU.ActiveCfg = Debug|Any CPU
		{ADDAF085-C63F-4C27-8934-FF06B556BC94}.Debug|Any CPU.Build.0 = Debug|Any CPU
		{ADDAF085-C63F-4C27-8934-FF06B556BC94}.Release|Any CPU.ActiveCfg = Release|Any CPU
		{ADDAF085-C63F-4C27-8934-FF06B556BC94}.Release|Any CPU.Build.0 = Release|Any CPU
		{C09DDE7C-0969-4D6C-B3A9-6C68E9CEBF79}.Debug|Any CPU.ActiveCfg = Debug|Any CPU
		{C09DDE7C-0969-4D6C-B3A9-6C68E9CEBF79}.Debug|Any CPU.Build.0 = Debug|Any CPU
		{C09DDE7C-0969-4D6C-B3A9-6C68E9CEBF79}.Release|Any CPU.ActiveCfg = Release|Any CPU
		{C09DDE7C-0969-4D6C-B3A9-6C68E9CEBF79}.Release|Any CPU.Build.0 = Release|Any CPU
		{83A1E750-740D-44C2-BCBF-6718E3368359}.Debug|Any CPU.ActiveCfg = Debug|Any CPU
		{83A1E750-740D-44C2-BCBF-6718E3368359}.Debug|Any CPU.Build.0 = Debug|Any CPU
		{83A1E750-740D-44C2-BCBF-6718E3368359}.Release|Any CPU.ActiveCfg = Release|Any CPU
		{83A1E750-740D-44C2-BCBF-6718E3368359}.Release|Any CPU.Build.0 = Release|Any CPU
	EndGlobalSection
	GlobalSection(SolutionProperties) = preSolution
		HideSolutionNode = FALSE
	EndGlobalSection
	GlobalSection(NestedProjects) = preSolution
		{ADAA8BE0-E29F-463F-8C65-C9A2BD566C02} = {5D8B7CF5-4232-4FB1-8EF5-47D420F835FF}
		{84C0EF9B-4DA3-417E-8FBA-18FE997A9397} = {5D8B7CF5-4232-4FB1-8EF5-47D420F835FF}
		{2EEC86DC-9264-43CC-8FC5-92E07B4AF5A6} = {5D8B7CF5-4232-4FB1-8EF5-47D420F835FF}
		{BE93CFB2-A942-4B72-BEEE-73F9333C807A} = {5D8B7CF5-4232-4FB1-8EF5-47D420F835FF}
		{4457CAA3-66AB-4127-BFB8-6ECCA07F8EF6} = {5D8B7CF5-4232-4FB1-8EF5-47D420F835FF}
		{EAB26697-FE53-4A7F-A08C-B759A4569DDE} = {5D8B7CF5-4232-4FB1-8EF5-47D420F835FF}
		{2B67CBA6-4051-4A17-93AF-69BFFFD05C2C} = {5D8B7CF5-4232-4FB1-8EF5-47D420F835FF}
		{205BBDFA-A500-4683-BBBC-5B1B1A58B8FE} = {1CD3BE10-331E-4A01-B88B-F1389C2A1AD6}
		{B3517F7E-9624-401F-A513-4D4DDC791867} = {1CD3BE10-331E-4A01-B88B-F1389C2A1AD6}
		{DF962202-18E5-4F31-82BC-71B42D4C79D3} = {1CD3BE10-331E-4A01-B88B-F1389C2A1AD6}
		{4DF6C861-F175-4B7D-8B0F-4943AB0EADAC} = {1CD3BE10-331E-4A01-B88B-F1389C2A1AD6}
		{C2F84075-1A51-4C1C-B7EC-75334AEB6A4F} = {F1E52B38-80B8-4182-8178-67B022C4E3AE}
		{5B07A061-3713-4CB0-9A2D-EB65D25C46C8} = {F1E52B38-80B8-4182-8178-67B022C4E3AE}
		{98B7ECD6-AE31-448A-9403-3406E4658751} = {F1E52B38-80B8-4182-8178-67B022C4E3AE}
		{ADDAF085-C63F-4C27-8934-FF06B556BC94} = {F1E52B38-80B8-4182-8178-67B022C4E3AE}
		{C09DDE7C-0969-4D6C-B3A9-6C68E9CEBF79} = {F1E52B38-80B8-4182-8178-67B022C4E3AE}
		{83A1E750-740D-44C2-BCBF-6718E3368359} = {F1E52B38-80B8-4182-8178-67B022C4E3AE}
	EndGlobalSection
	GlobalSection(ExtensibilityGlobals) = postSolution
		SolutionGuid = {656EDEBF-F10B-4E14-8548-0F9E73CF912A}
	EndGlobalSection
EndGlobal
