
Microsoft Visual Studio Solution File, Format Version 12.00
# Visual Studio Version 16
VisualStudioVersion = 16.0.31321.278
MinimumVisualStudioVersion = 10.0.40219.1
Project("{FAE04EC0-301F-11D3-BF4B-00C04F79EFBC}") = "Builder", "Builder\Builder.csproj", "{EA41C321-D568-4E8E-8C27-A411834D91C8}"
EndProject
Project("{FAE04EC0-301F-11D3-BF4B-00C04F79EFBC}") = "Singleton", "Singleton\Singleton.csproj", "{CE41F60C-A32E-425A-8148-43A67B8E96B2}"
EndProject
Project("{FAE04EC0-301F-11D3-BF4B-00C04F79EFBC}") = "Adapter", "Adapter\Adapter.csproj", "{3B2D13EE-6D68-4218-B488-59BA7A4D74F2}"
EndProject
Project("{FAE04EC0-301F-11D3-BF4B-00C04F79EFBC}") = "Bridge", "Bridge\Bridge.csproj", "{EE00A1D5-3EF1-436B-8881-19C67C1BF7FC}"
EndProject
Project("{FAE04EC0-301F-11D3-BF4B-00C04F79EFBC}") = "Composite", "Composite\Composite.csproj", "{19E80902-850E-4700-9B50-5B11BFA7D228}"
EndProject
Project("{FAE04EC0-301F-11D3-BF4B-00C04F79EFBC}") = "lnterpreter", "Interpreter\lnterpreter.csproj", "{420082E0-B3C8-4B60-A738-BC2D54831224}"
EndProject
Project("{2150E333-8FDC-42A3-9474-1A3956D46DE8}") = "0 - PPT", "0 - PPT", "{D2AD949A-9DD0-49BB-BE81-35B442221544}"
	ProjectSection(SolutionItems) = preProject
		docs\Design patterns - eng.pptx = docs\Design patterns - eng.pptx
		docs\Design patterns.pptx = docs\Design patterns.pptx
	EndProjectSection
EndProject
Project("{FAE04EC0-301F-11D3-BF4B-00C04F79EFBC}") = "AbstractFactory", "AbstractFactory\AbstractFactory.csproj", "{45499B06-789E-411D-B4C5-C4505F1F99DC}"
EndProject
Project("{FAE04EC0-301F-11D3-BF4B-00C04F79EFBC}") = "FactoryMethod", "FactoryMethod\FactoryMethod.csproj", "{6D636CEA-414C-4F5C-9455-E436248FD103}"
EndProject
Project("{FAE04EC0-301F-11D3-BF4B-00C04F79EFBC}") = "TemplateMethod", "TemplateMethod\TemplateMethod.csproj", "{756AE967-1727-40CA-B3DA-EB8B03853AAD}"
EndProject
Project("{FAE04EC0-301F-11D3-BF4B-00C04F79EFBC}") = "Observer", "Observer\Observer.csproj", "{2E05A14F-E328-4CC3-90C6-13DA58E23340}"
EndProject
Project("{FAE04EC0-301F-11D3-BF4B-00C04F79EFBC}") = "Command", "Command\Command.csproj", "{1DC3E6CA-4C39-4FE1-BAA1-F7ECC4198944}"
EndProject
Project("{FAE04EC0-301F-11D3-BF4B-00C04F79EFBC}") = "Visitor", "Visitor\Visitor.csproj", "{DA586AE8-16BF-4F0B-8F5F-E36E5F34CD15}"
EndProject
Project("{FAE04EC0-301F-11D3-BF4B-00C04F79EFBC}") = "Prototype", "Prototype\Prototype.csproj", "{71F3E1F4-0906-4629-A3F0-BBA262BC58A2}"
EndProject
Project("{2150E333-8FDC-42A3-9474-1A3956D46DE8}") = "1 - Creational", "1 - Creational", "{5D8B7CF5-4232-4FB1-8EF5-47D420F835FF}"
EndProject
Project("{2150E333-8FDC-42A3-9474-1A3956D46DE8}") = "2 - Structural", "2 - Structural", "{1CD3BE10-331E-4A01-B88B-F1389C2A1AD6}"
EndProject
Project("{2150E333-8FDC-42A3-9474-1A3956D46DE8}") = "3 - Behavioral", "3 - Behavioral", "{F1E52B38-80B8-4182-8178-67B022C4E3AE}"
EndProject
Project("{FAE04EC0-301F-11D3-BF4B-00C04F79EFBC}") = "LazyInitialization", "LazyInitialization\LazyInitialization.csproj", "{4CD8EFCD-AA70-42BD-9A7C-225EFF495D52}"
EndProject
Project("{FAE04EC0-301F-11D3-BF4B-00C04F79EFBC}") = "ObjectPool", "ObjectPool\ObjectPool.csproj", "{9E3AD951-376D-462D-BFF3-6AE1BF909AC1}"
EndProject
Global
	GlobalSection(SolutionConfigurationPlatforms) = preSolution
		Debug|Any CPU = Debug|Any CPU
		Release|Any CPU = Release|Any CPU
	EndGlobalSection
	GlobalSection(ProjectConfigurationPlatforms) = postSolution
		{EA41C321-D568-4E8E-8C27-A411834D91C8}.Debug|Any CPU.ActiveCfg = Debug|Any CPU
		{EA41C321-D568-4E8E-8C27-A411834D91C8}.Debug|Any CPU.Build.0 = Debug|Any CPU
		{EA41C321-D568-4E8E-8C27-A411834D91C8}.Release|Any CPU.ActiveCfg = Release|Any CPU
		{EA41C321-D568-4E8E-8C27-A411834D91C8}.Release|Any CPU.Build.0 = Release|Any CPU
		{CE41F60C-A32E-425A-8148-43A67B8E96B2}.Debug|Any CPU.ActiveCfg = Debug|Any CPU
		{CE41F60C-A32E-425A-8148-43A67B8E96B2}.Debug|Any CPU.Build.0 = Debug|Any CPU
		{CE41F60C-A32E-425A-8148-43A67B8E96B2}.Release|Any CPU.ActiveCfg = Release|Any CPU
		{CE41F60C-A32E-425A-8148-43A67B8E96B2}.Release|Any CPU.Build.0 = Release|Any CPU
		{3B2D13EE-6D68-4218-B488-59BA7A4D74F2}.Debug|Any CPU.ActiveCfg = Debug|Any CPU
		{3B2D13EE-6D68-4218-B488-59BA7A4D74F2}.Debug|Any CPU.Build.0 = Debug|Any CPU
		{3B2D13EE-6D68-4218-B488-59BA7A4D74F2}.Release|Any CPU.ActiveCfg = Release|Any CPU
		{3B2D13EE-6D68-4218-B488-59BA7A4D74F2}.Release|Any CPU.Build.0 = Release|Any CPU
		{EE00A1D5-3EF1-436B-8881-19C67C1BF7FC}.Debug|Any CPU.ActiveCfg = Debug|Any CPU
		{EE00A1D5-3EF1-436B-8881-19C67C1BF7FC}.Debug|Any CPU.Build.0 = Debug|Any CPU
		{EE00A1D5-3EF1-436B-8881-19C67C1BF7FC}.Release|Any CPU.ActiveCfg = Release|Any CPU
		{EE00A1D5-3EF1-436B-8881-19C67C1BF7FC}.Release|Any CPU.Build.0 = Release|Any CPU
		{19E80902-850E-4700-9B50-5B11BFA7D228}.Debug|Any CPU.ActiveCfg = Debug|Any CPU
		{19E80902-850E-4700-9B50-5B11BFA7D228}.Debug|Any CPU.Build.0 = Debug|Any CPU
		{19E80902-850E-4700-9B50-5B11BFA7D228}.Release|Any CPU.ActiveCfg = Release|Any CPU
		{19E80902-850E-4700-9B50-5B11BFA7D228}.Release|Any CPU.Build.0 = Release|Any CPU
		{420082E0-B3C8-4B60-A738-BC2D54831224}.Debug|Any CPU.ActiveCfg = Debug|Any CPU
		{420082E0-B3C8-4B60-A738-BC2D54831224}.Debug|Any CPU.Build.0 = Debug|Any CPU
		{420082E0-B3C8-4B60-A738-BC2D54831224}.Release|Any CPU.ActiveCfg = Release|Any CPU
		{420082E0-B3C8-4B60-A738-BC2D54831224}.Release|Any CPU.Build.0 = Release|Any CPU
		{45499B06-789E-411D-B4C5-C4505F1F99DC}.Debug|Any CPU.ActiveCfg = Debug|Any CPU
		{45499B06-789E-411D-B4C5-C4505F1F99DC}.Debug|Any CPU.Build.0 = Debug|Any CPU
		{45499B06-789E-411D-B4C5-C4505F1F99DC}.Release|Any CPU.ActiveCfg = Release|Any CPU
		{45499B06-789E-411D-B4C5-C4505F1F99DC}.Release|Any CPU.Build.0 = Release|Any CPU
		{6D636CEA-414C-4F5C-9455-E436248FD103}.Debug|Any CPU.ActiveCfg = Debug|Any CPU
		{6D636CEA-414C-4F5C-9455-E436248FD103}.Debug|Any CPU.Build.0 = Debug|Any CPU
		{6D636CEA-414C-4F5C-9455-E436248FD103}.Release|Any CPU.ActiveCfg = Release|Any CPU
		{6D636CEA-414C-4F5C-9455-E436248FD103}.Release|Any CPU.Build.0 = Release|Any CPU
		{756AE967-1727-40CA-B3DA-EB8B03853AAD}.Debug|Any CPU.ActiveCfg = Debug|Any CPU
		{756AE967-1727-40CA-B3DA-EB8B03853AAD}.Debug|Any CPU.Build.0 = Debug|Any CPU
		{756AE967-1727-40CA-B3DA-EB8B03853AAD}.Release|Any CPU.ActiveCfg = Release|Any CPU
		{756AE967-1727-40CA-B3DA-EB8B03853AAD}.Release|Any CPU.Build.0 = Release|Any CPU
		{2E05A14F-E328-4CC3-90C6-13DA58E23340}.Debug|Any CPU.ActiveCfg = Debug|Any CPU
		{2E05A14F-E328-4CC3-90C6-13DA58E23340}.Debug|Any CPU.Build.0 = Debug|Any CPU
		{2E05A14F-E328-4CC3-90C6-13DA58E23340}.Release|Any CPU.ActiveCfg = Release|Any CPU
		{2E05A14F-E328-4CC3-90C6-13DA58E23340}.Release|Any CPU.Build.0 = Release|Any CPU
		{1DC3E6CA-4C39-4FE1-BAA1-F7ECC4198944}.Debug|Any CPU.ActiveCfg = Debug|Any CPU
		{1DC3E6CA-4C39-4FE1-BAA1-F7ECC4198944}.Debug|Any CPU.Build.0 = Debug|Any CPU
		{1DC3E6CA-4C39-4FE1-BAA1-F7ECC4198944}.Release|Any CPU.ActiveCfg = Release|Any CPU
		{1DC3E6CA-4C39-4FE1-BAA1-F7ECC4198944}.Release|Any CPU.Build.0 = Release|Any CPU
		{DA586AE8-16BF-4F0B-8F5F-E36E5F34CD15}.Debug|Any CPU.ActiveCfg = Debug|Any CPU
		{DA586AE8-16BF-4F0B-8F5F-E36E5F34CD15}.Debug|Any CPU.Build.0 = Debug|Any CPU
		{DA586AE8-16BF-4F0B-8F5F-E36E5F34CD15}.Release|Any CPU.ActiveCfg = Release|Any CPU
		{DA586AE8-16BF-4F0B-8F5F-E36E5F34CD15}.Release|Any CPU.Build.0 = Release|Any CPU
		{71F3E1F4-0906-4629-A3F0-BBA262BC58A2}.Debug|Any CPU.ActiveCfg = Debug|Any CPU
		{71F3E1F4-0906-4629-A3F0-BBA262BC58A2}.Debug|Any CPU.Build.0 = Debug|Any CPU
		{71F3E1F4-0906-4629-A3F0-BBA262BC58A2}.Release|Any CPU.ActiveCfg = Release|Any CPU
		{71F3E1F4-0906-4629-A3F0-BBA262BC58A2}.Release|Any CPU.Build.0 = Release|Any CPU
		{4CD8EFCD-AA70-42BD-9A7C-225EFF495D52}.Debug|Any CPU.ActiveCfg = Debug|Any CPU
		{4CD8EFCD-AA70-42BD-9A7C-225EFF495D52}.Debug|Any CPU.Build.0 = Debug|Any CPU
		{4CD8EFCD-AA70-42BD-9A7C-225EFF495D52}.Release|Any CPU.ActiveCfg = Release|Any CPU
		{4CD8EFCD-AA70-42BD-9A7C-225EFF495D52}.Release|Any CPU.Build.0 = Release|Any CPU
		{9E3AD951-376D-462D-BFF3-6AE1BF909AC1}.Debug|Any CPU.ActiveCfg = Debug|Any CPU
		{9E3AD951-376D-462D-BFF3-6AE1BF909AC1}.Debug|Any CPU.Build.0 = Debug|Any CPU
		{9E3AD951-376D-462D-BFF3-6AE1BF909AC1}.Release|Any CPU.ActiveCfg = Release|Any CPU
		{9E3AD951-376D-462D-BFF3-6AE1BF909AC1}.Release|Any CPU.Build.0 = Release|Any CPU
	EndGlobalSection
	GlobalSection(SolutionProperties) = preSolution
		HideSolutionNode = FALSE
	EndGlobalSection
	GlobalSection(NestedProjects) = preSolution
		{EA41C321-D568-4E8E-8C27-A411834D91C8} = {5D8B7CF5-4232-4FB1-8EF5-47D420F835FF}
		{CE41F60C-A32E-425A-8148-43A67B8E96B2} = {5D8B7CF5-4232-4FB1-8EF5-47D420F835FF}
		{3B2D13EE-6D68-4218-B488-59BA7A4D74F2} = {1CD3BE10-331E-4A01-B88B-F1389C2A1AD6}
		{EE00A1D5-3EF1-436B-8881-19C67C1BF7FC} = {1CD3BE10-331E-4A01-B88B-F1389C2A1AD6}
		{19E80902-850E-4700-9B50-5B11BFA7D228} = {1CD3BE10-331E-4A01-B88B-F1389C2A1AD6}
		{420082E0-B3C8-4B60-A738-BC2D54831224} = {F1E52B38-80B8-4182-8178-67B022C4E3AE}
		{45499B06-789E-411D-B4C5-C4505F1F99DC} = {5D8B7CF5-4232-4FB1-8EF5-47D420F835FF}
		{6D636CEA-414C-4F5C-9455-E436248FD103} = {5D8B7CF5-4232-4FB1-8EF5-47D420F835FF}
		{756AE967-1727-40CA-B3DA-EB8B03853AAD} = {F1E52B38-80B8-4182-8178-67B022C4E3AE}
		{2E05A14F-E328-4CC3-90C6-13DA58E23340} = {F1E52B38-80B8-4182-8178-67B022C4E3AE}
		{1DC3E6CA-4C39-4FE1-BAA1-F7ECC4198944} = {F1E52B38-80B8-4182-8178-67B022C4E3AE}
		{DA586AE8-16BF-4F0B-8F5F-E36E5F34CD15} = {F1E52B38-80B8-4182-8178-67B022C4E3AE}
		{71F3E1F4-0906-4629-A3F0-BBA262BC58A2} = {5D8B7CF5-4232-4FB1-8EF5-47D420F835FF}
		{4CD8EFCD-AA70-42BD-9A7C-225EFF495D52} = {5D8B7CF5-4232-4FB1-8EF5-47D420F835FF}
		{9E3AD951-376D-462D-BFF3-6AE1BF909AC1} = {5D8B7CF5-4232-4FB1-8EF5-47D420F835FF}
	EndGlobalSection
	GlobalSection(ExtensibilityGlobals) = postSolution
		SolutionGuid = {656EDEBF-F10B-4E14-8548-0F9E73CF912A}
	EndGlobalSection
EndGlobal
